// !$*UTF8*$!
{
	archiveVersion = 1;
	classes = {
	};
	objectVersion = 50;
	objects = {

/* Begin PBXBuildFile section */
		8B2CBD4B26EB371B00562937 /* SchedulebarCell.swift in Sources */ = {isa = PBXBuildFile; fileRef = 8B2CBD4A26EB371B00562937 /* SchedulebarCell.swift */; };
		8B3CC8EA26E9C1EB0078F6A7 /* AppDelegate.swift in Sources */ = {isa = PBXBuildFile; fileRef = 8B3CC8E926E9C1EB0078F6A7 /* AppDelegate.swift */; };
		8B3CC8EC26E9C1EB0078F6A7 /* SceneDelegate.swift in Sources */ = {isa = PBXBuildFile; fileRef = 8B3CC8EB26E9C1EB0078F6A7 /* SceneDelegate.swift */; };
		8B3CC8EE26E9C1EB0078F6A7 /* ViewController.swift in Sources */ = {isa = PBXBuildFile; fileRef = 8B3CC8ED26E9C1EB0078F6A7 /* ViewController.swift */; };
		8B3CC8F126E9C1EB0078F6A7 /* Main.storyboard in Resources */ = {isa = PBXBuildFile; fileRef = 8B3CC8EF26E9C1EB0078F6A7 /* Main.storyboard */; };
		8B3CC8F326E9C1F00078F6A7 /* Assets.xcassets in Resources */ = {isa = PBXBuildFile; fileRef = 8B3CC8F226E9C1F00078F6A7 /* Assets.xcassets */; };
		8B3CC8F626E9C1F00078F6A7 /* LaunchScreen.storyboard in Resources */ = {isa = PBXBuildFile; fileRef = 8B3CC8F426E9C1F00078F6A7 /* LaunchScreen.storyboard */; };
		8B3CC8FE26EAF9ED0078F6A7 /* OnOffCell.swift in Sources */ = {isa = PBXBuildFile; fileRef = 8B3CC8FD26EAF9ED0078F6A7 /* OnOffCell.swift */; };
		8BC3E60326EF90040018F025 /* ScheduleCell.swift in Sources */ = {isa = PBXBuildFile; fileRef = 8BC3E60226EF90040018F025 /* ScheduleCell.swift */; };
/* End PBXBuildFile section */

/* Begin PBXFileReference section */
		8B2CBD4A26EB371B00562937 /* SchedulebarCell.swift */ = {isa = PBXFileReference; lastKnownFileType = sourcecode.swift; path = SchedulebarCell.swift; sourceTree = "<group>"; };
		8B3CC8E626E9C1EB0078F6A7 /* NotiScheduler.app */ = {isa = PBXFileReference; explicitFileType = wrapper.application; includeInIndex = 0; path = NotiScheduler.app; sourceTree = BUILT_PRODUCTS_DIR; };
		8B3CC8E926E9C1EB0078F6A7 /* AppDelegate.swift */ = {isa = PBXFileReference; lastKnownFileType = sourcecode.swift; path = AppDelegate.swift; sourceTree = "<group>"; };
		8B3CC8EB26E9C1EB0078F6A7 /* SceneDelegate.swift */ = {isa = PBXFileReference; lastKnownFileType = sourcecode.swift; path = SceneDelegate.swift; sourceTree = "<group>"; };
		8B3CC8ED26E9C1EB0078F6A7 /* ViewController.swift */ = {isa = PBXFileReference; lastKnownFileType = sourcecode.swift; path = ViewController.swift; sourceTree = "<group>"; };
		8B3CC8F026E9C1EB0078F6A7 /* Base */ = {isa = PBXFileReference; lastKnownFileType = file.storyboard; name = Base; path = Base.lproj/Main.storyboard; sourceTree = "<group>"; };
		8B3CC8F226E9C1F00078F6A7 /* Assets.xcassets */ = {isa = PBXFileReference; lastKnownFileType = folder.assetcatalog; path = Assets.xcassets; sourceTree = "<group>"; };
		8B3CC8F526E9C1F00078F6A7 /* Base */ = {isa = PBXFileReference; lastKnownFileType = file.storyboard; name = Base; path = Base.lproj/LaunchScreen.storyboard; sourceTree = "<group>"; };
		8B3CC8F726E9C1F00078F6A7 /* Info.plist */ = {isa = PBXFileReference; lastKnownFileType = text.plist.xml; path = Info.plist; sourceTree = "<group>"; };
		8B3CC8FD26EAF9ED0078F6A7 /* OnOffCell.swift */ = {isa = PBXFileReference; lastKnownFileType = sourcecode.swift; path = OnOffCell.swift; sourceTree = "<group>"; };
		8BC3E60226EF90040018F025 /* ScheduleCell.swift */ = {isa = PBXFileReference; lastKnownFileType = sourcecode.swift; path = ScheduleCell.swift; sourceTree = "<group>"; };
/* End PBXFileReference section */

/* Begin PBXFrameworksBuildPhase section */
		8B3CC8E326E9C1EB0078F6A7 /* Frameworks */ = {
			isa = PBXFrameworksBuildPhase;
			buildActionMask = 2147483647;
			files = (
			);
			runOnlyForDeploymentPostprocessing = 0;
		};
/* End PBXFrameworksBuildPhase section */

/* Begin PBXGroup section */
		8B3CC8DD26E9C1EB0078F6A7 = {
			isa = PBXGroup;
			children = (
				8B3CC8E826E9C1EB0078F6A7 /* NotiScheduler */,
				8B3CC8E726E9C1EB0078F6A7 /* Products */,
			);
			sourceTree = "<group>";
		};
		8B3CC8E726E9C1EB0078F6A7 /* Products */ = {
			isa = PBXGroup;
			children = (
				8B3CC8E626E9C1EB0078F6A7 /* NotiScheduler.app */,
			);
			name = Products;
			sourceTree = "<group>";
		};
		8B3CC8E826E9C1EB0078F6A7 /* NotiScheduler */ = {
			isa = PBXGroup;
			children = (
				8B3CC8E926E9C1EB0078F6A7 /* AppDelegate.swift */,
				8B3CC8EB26E9C1EB0078F6A7 /* SceneDelegate.swift */,
				8B3CC8ED26E9C1EB0078F6A7 /* ViewController.swift */,
				8B3CC8FD26EAF9ED0078F6A7 /* OnOffCell.swift */,
				8B3CC8EF26E9C1EB0078F6A7 /* Main.storyboard */,
				8B3CC8F226E9C1F00078F6A7 /* Assets.xcassets */,
				8B3CC8F426E9C1F00078F6A7 /* LaunchScreen.storyboard */,
				8B3CC8F726E9C1F00078F6A7 /* Info.plist */,
				8B2CBD4A26EB371B00562937 /* SchedulebarCell.swift */,
				8BC3E60226EF90040018F025 /* ScheduleCell.swift */,
			);
			path = NotiScheduler;
			sourceTree = "<group>";
		};
/* End PBXGroup section */

/* Begin PBXNativeTarget section */
		8B3CC8E526E9C1EB0078F6A7 /* NotiScheduler */ = {
			isa = PBXNativeTarget;
			buildConfigurationList = 8B3CC8FA26E9C1F00078F6A7 /* Build configuration list for PBXNativeTarget "NotiScheduler" */;
			buildPhases = (
				8B3CC8E226E9C1EB0078F6A7 /* Sources */,
				8B3CC8E326E9C1EB0078F6A7 /* Frameworks */,
				8B3CC8E426E9C1EB0078F6A7 /* Resources */,
			);
			buildRules = (
			);
			dependencies = (
			);
			name = NotiScheduler;
			productName = NotiScheduler;
			productReference = 8B3CC8E626E9C1EB0078F6A7 /* NotiScheduler.app */;
			productType = "com.apple.product-type.application";
		};
/* End PBXNativeTarget section */

/* Begin PBXProject section */
		8B3CC8DE26E9C1EB0078F6A7 /* Project object */ = {
			isa = PBXProject;
			attributes = {
				LastSwiftUpdateCheck = 1250;
				LastUpgradeCheck = 1250;
				TargetAttributes = {
					8B3CC8E526E9C1EB0078F6A7 = {
						CreatedOnToolsVersion = 12.5;
					};
				};
			};
			buildConfigurationList = 8B3CC8E126E9C1EB0078F6A7 /* Build configuration list for PBXProject "NotiScheduler" */;
			compatibilityVersion = "Xcode 9.3";
			developmentRegion = en;
			hasScannedForEncodings = 0;
			knownRegions = (
				en,
				Base,
			);
			mainGroup = 8B3CC8DD26E9C1EB0078F6A7;
			productRefGroup = 8B3CC8E726E9C1EB0078F6A7 /* Products */;
			projectDirPath = "";
			projectRoot = "";
			targets = (
				8B3CC8E526E9C1EB0078F6A7 /* NotiScheduler */,
			);
		};
/* End PBXProject section */

/* Begin PBXResourcesBuildPhase section */
		8B3CC8E426E9C1EB0078F6A7 /* Resources */ = {
			isa = PBXResourcesBuildPhase;
			buildActionMask = 2147483647;
			files = (
				8B3CC8F626E9C1F00078F6A7 /* LaunchScreen.storyboard in Resources */,
				8B3CC8F326E9C1F00078F6A7 /* Assets.xcassets in Resources */,
				8B3CC8F126E9C1EB0078F6A7 /* Main.storyboard in Resources */,
			);
			runOnlyForDeploymentPostprocessing = 0;
		};
/* End PBXResourcesBuildPhase section */

/* Begin PBXSourcesBuildPhase section */
		8B3CC8E226E9C1EB0078F6A7 /* Sources */ = {
			isa = PBXSourcesBuildPhase;
			buildActionMask = 2147483647;
			files = (
				8B3CC8EE26E9C1EB0078F6A7 /* ViewController.swift in Sources */,
				8B3CC8EA26E9C1EB0078F6A7 /* AppDelegate.swift in Sources */,
				8B3CC8EC26E9C1EB0078F6A7 /* SceneDelegate.swift in Sources */,
				8B3CC8FE26EAF9ED0078F6A7 /* OnOffCell.swift in Sources */,
				8BC3E60326EF90040018F025 /* ScheduleCell.swift in Sources */,
				8B2CBD4B26EB371B00562937 /* SchedulebarCell.swift in Sources */,
			);
			runOnlyForDeploymentPostprocessing = 0;
		};
/* End PBXSourcesBuildPhase section */

/* Begin PBXVariantGroup section */
		8B3CC8EF26E9C1EB0078F6A7 /* Main.storyboard */ = {
			isa = PBXVariantGroup;
			children = (
				8B3CC8F026E9C1EB0078F6A7 /* Base */,
			);
			name = Main.storyboard;
			sourceTree = "<group>";
		};
		8B3CC8F426E9C1F00078F6A7 /* LaunchScreen.storyboard */ = {
			isa = PBXVariantGroup;
			children = (
				8B3CC8F526E9C1F00078F6A7 /* Base */,
			);
			name = LaunchScreen.storyboard;
			sourceTree = "<group>";
		};
/* End PBXVariantGroup section */

/* Begin XCBuildConfiguration section */
		8B3CC8F826E9C1F00078F6A7 /* Debug */ = {
			isa = XCBuildConfiguration;
			buildSettings = {
				ALWAYS_SEARCH_USER_PATHS = NO;
				CLANG_ANALYZER_NONNULL = YES;
				CLANG_ANALYZER_NUMBER_OBJECT_CONVERSION = YES_AGGRESSIVE;
				CLANG_CXX_LANGUAGE_STANDARD = "gnu++14";
				CLANG_CXX_LIBRARY = "libc++";
				CLANG_ENABLE_MODULES = YES;
				CLANG_ENABLE_OBJC_ARC = YES;
				CLANG_ENABLE_OBJC_WEAK = YES;
				CLANG_WARN_BLOCK_CAPTURE_AUTORELEASING = YES;
				CLANG_WARN_BOOL_CONVERSION = YES;
				CLANG_WARN_COMMA = YES;
				CLANG_WARN_CONSTANT_CONVERSION = YES;
				CLANG_WARN_DEPRECATED_OBJC_IMPLEMENTATIONS = YES;
				CLANG_WARN_DIRECT_OBJC_ISA_USAGE = YES_ERROR;
				CLANG_WARN_DOCUMENTATION_COMMENTS = YES;
				CLANG_WARN_EMPTY_BODY = YES;
				CLANG_WARN_ENUM_CONVERSION = YES;
				CLANG_WARN_INFINITE_RECURSION = YES;
				CLANG_WARN_INT_CONVERSION = YES;
				CLANG_WARN_NON_LITERAL_NULL_CONVERSION = YES;
				CLANG_WARN_OBJC_IMPLICIT_RETAIN_SELF = YES;
				CLANG_WARN_OBJC_LITERAL_CONVERSION = YES;
				CLANG_WARN_OBJC_ROOT_CLASS = YES_ERROR;
				CLANG_WARN_QUOTED_INCLUDE_IN_FRAMEWORK_HEADER = YES;
				CLANG_WARN_RANGE_LOOP_ANALYSIS = YES;
				CLANG_WARN_STRICT_PROTOTYPES = YES;
				CLANG_WARN_SUSPICIOUS_MOVE = YES;
				CLANG_WARN_UNGUARDED_AVAILABILITY = YES_AGGRESSIVE;
				CLANG_WARN_UNREACHABLE_CODE = YES;
				CLANG_WARN__DUPLICATE_METHOD_MATCH = YES;
				COPY_PHASE_STRIP = NO;
				DEBUG_INFORMATION_FORMAT = dwarf;
				ENABLE_STRICT_OBJC_MSGSEND = YES;
				ENABLE_TESTABILITY = YES;
				GCC_C_LANGUAGE_STANDARD = gnu11;
				GCC_DYNAMIC_NO_PIC = NO;
				GCC_NO_COMMON_BLOCKS = YES;
				GCC_OPTIMIZATION_LEVEL = 0;
				GCC_PREPROCESSOR_DEFINITIONS = (
					"DEBUG=1",
					"$(inherited)",
				);
				GCC_WARN_64_TO_32_BIT_CONVERSION = YES;
				GCC_WARN_ABOUT_RETURN_TYPE = YES_ERROR;
				GCC_WARN_UNDECLARED_SELECTOR = YES;
				GCC_WARN_UNINITIALIZED_AUTOS = YES_AGGRESSIVE;
				GCC_WARN_UNUSED_FUNCTION = YES;
				GCC_WARN_UNUSED_VARIABLE = YES;
				IPHONEOS_DEPLOYMENT_TARGET = 14.5;
				MTL_ENABLE_DEBUG_INFO = INCLUDE_SOURCE;
				MTL_FAST_MATH = YES;
				ONLY_ACTIVE_ARCH = YES;
				SDKROOT = iphoneos;
				SWIFT_ACTIVE_COMPILATION_CONDITIONS = DEBUG;
				SWIFT_OPTIMIZATION_LEVEL = "-Onone";
			};
			name = Debug;
		};
		8B3CC8F926E9C1F00078F6A7 /* Release */ = {
			isa = XCBuildConfiguration;
			buildSettings = {
				ALWAYS_SEARCH_USER_PATHS = NO;
				CLANG_ANALYZER_NONNULL = YES;
				CLANG_ANALYZER_NUMBER_OBJECT_CONVERSION = YES_AGGRESSIVE;
				CLANG_CXX_LANGUAGE_STANDARD = "gnu++14";
				CLANG_CXX_LIBRARY = "libc++";
				CLANG_ENABLE_MODULES = YES;
				CLANG_ENABLE_OBJC_ARC = YES;
				CLANG_ENABLE_OBJC_WEAK = YES;
				CLANG_WARN_BLOCK_CAPTURE_AUTORELEASING = YES;
				CLANG_WARN_BOOL_CONVERSION = YES;
				CLANG_WARN_COMMA = YES;
				CLANG_WARN_CONSTANT_CONVERSION = YES;
				CLANG_WARN_DEPRECATED_OBJC_IMPLEMENTATIONS = YES;
				CLANG_WARN_DIRECT_OBJC_ISA_USAGE = YES_ERROR;
				CLANG_WARN_DOCUMENTATION_COMMENTS = YES;
				CLANG_WARN_EMPTY_BODY = YES;
				CLANG_WARN_ENUM_CONVERSION = YES;
				CLANG_WARN_INFINITE_RECURSION = YES;
				CLANG_WARN_INT_CONVERSION = YES;
				CLANG_WARN_NON_LITERAL_NULL_CONVERSION = YES;
				CLANG_WARN_OBJC_IMPLICIT_RETAIN_SELF = YES;
				CLANG_WARN_OBJC_LITERAL_CONVERSION = YES;
				CLANG_WARN_OBJC_ROOT_CLASS = YES_ERROR;
				CLANG_WARN_QUOTED_INCLUDE_IN_FRAMEWORK_HEADER = YES;
				CLANG_WARN_RANGE_LOOP_ANALYSIS = YES;
				CLANG_WARN_STRICT_PROTOTYPES = YES;
				CLANG_WARN_SUSPICIOUS_MOVE = YES;
				CLANG_WARN_UNGUARDED_AVAILABILITY = YES_AGGRESSIVE;
				CLANG_WARN_UNREACHABLE_CODE = YES;
				CLANG_WARN__DUPLICATE_METHOD_MATCH = YES;
				COPY_PHASE_STRIP = NO;
				DEBUG_INFORMATION_FORMAT = "dwarf-with-dsym";
				ENABLE_NS_ASSERTIONS = NO;
				ENABLE_STRICT_OBJC_MSGSEND = YES;
				GCC_C_LANGUAGE_STANDARD = gnu11;
				GCC_NO_COMMON_BLOCKS = YES;
				GCC_WARN_64_TO_32_BIT_CONVERSION = YES;
				GCC_WARN_ABOUT_RETURN_TYPE = YES_ERROR;
				GCC_WARN_UNDECLARED_SELECTOR = YES;
				GCC_WARN_UNINITIALIZED_AUTOS = YES_AGGRESSIVE;
				GCC_WARN_UNUSED_FUNCTION = YES;
				GCC_WARN_UNUSED_VARIABLE = YES;
				IPHONEOS_DEPLOYMENT_TARGET = 14.5;
				MTL_ENABLE_DEBUG_INFO = NO;
				MTL_FAST_MATH = YES;
				SDKROOT = iphoneos;
				SWIFT_COMPILATION_MODE = wholemodule;
				SWIFT_OPTIMIZATION_LEVEL = "-O";
				VALIDATE_PRODUCT = YES;
			};
			name = Release;
		};
		8B3CC8FB26E9C1F00078F6A7 /* Debug */ = {
			isa = XCBuildConfiguration;
			buildSettings = {
				ASSETCATALOG_COMPILER_APPICON_NAME = AppIcon;
				ASSETCATALOG_COMPILER_GLOBAL_ACCENT_COLOR_NAME = AccentColor;
				CODE_SIGN_STYLE = Automatic;
				DEVELOPMENT_TEAM = M92CLN7T7A;
				INFOPLIST_FILE = NotiScheduler/Info.plist;
				LD_RUNPATH_SEARCH_PATHS = (
					"$(inherited)",
					"@executable_path/Frameworks",
				);
				PRODUCT_BUNDLE_IDENTIFIER = Test.NotiScheduler;
				PRODUCT_NAME = "$(TARGET_NAME)";
				SWIFT_VERSION = 5.0;
				TARGETED_DEVICE_FAMILY = "1,2";
			};
			name = Debug;
		};
		8B3CC8FC26E9C1F00078F6A7 /* Release */ = {
			isa = XCBuildConfiguration;
			buildSettings = {
				ASSETCATALOG_COMPILER_APPICON_NAME = AppIcon;
				ASSETCATALOG_COMPILER_GLOBAL_ACCENT_COLOR_NAME = AccentColor;
				CODE_SIGN_STYLE = Automatic;
				DEVELOPMENT_TEAM = M92CLN7T7A;
				INFOPLIST_FILE = NotiScheduler/Info.plist;
				LD_RUNPATH_SEARCH_PATHS = (
					"$(inherited)",
					"@executable_path/Frameworks",
				);
				PRODUCT_BUNDLE_IDENTIFIER = Test.NotiScheduler;
				PRODUCT_NAME = "$(TARGET_NAME)";
				SWIFT_VERSION = 5.0;
				TARGETED_DEVICE_FAMILY = "1,2";
			};
			name = Release;
		};
/* End XCBuildConfiguration section */

/* Begin XCConfigurationList section */
		8B3CC8E126E9C1EB0078F6A7 /* Build configuration list for PBXProject "NotiScheduler" */ = {
			isa = XCConfigurationList;
			buildConfigurations = (
				8B3CC8F826E9C1F00078F6A7 /* Debug */,
				8B3CC8F926E9C1F00078F6A7 /* Release */,
			);
			defaultConfigurationIsVisible = 0;
			defaultConfigurationName = Release;
		};
		8B3CC8FA26E9C1F00078F6A7 /* Build configuration list for PBXNativeTarget "NotiScheduler" */ = {
			isa = XCConfigurationList;
			buildConfigurations = (
				8B3CC8FB26E9C1F00078F6A7 /* Debug */,
				8B3CC8FC26E9C1F00078F6A7 /* Release */,
			);
			defaultConfigurationIsVisible = 0;
			defaultConfigurationName = Release;
		};
/* End XCConfigurationList section */
	};
	rootObject = 8B3CC8DE26E9C1EB0078F6A7 /* Project object */;
}
